
Microsoft Visual Studio Solution File, Format Version 12.00
# Visual Studio Version 17
VisualStudioVersion = 17.0.31912.275
MinimumVisualStudioVersion = 10.0.40219.1
Project("{FAE04EC0-301F-11D3-BF4B-00C04F79EFBC}") = "Autobattler", "Autobattler\Autobattler.csproj", "{64A72FE2-6CA3-450D-B42B-933A2C130E79}"
EndProject
Global
	GlobalSection(SolutionConfigurationPlatforms) = preSolution
		Debug|Any CPU = Debug|Any CPU
		Release|Any CPU = Release|Any CPU
	EndGlobalSection
	GlobalSection(ProjectConfigurationPlatforms) = postSolution
		{64A72FE2-6CA3-450D-B42B-933A2C130E79}.Debug|Any CPU.ActiveCfg = Debug|Any CPU
		{64A72FE2-6CA3-450D-B42B-933A2C130E79}.Debug|Any CPU.Build.0 = Debug|Any CPU
		{64A72FE2-6CA3-450D-B42B-933A2C130E79}.Release|Any CPU.ActiveCfg = Release|Any CPU
		{64A72FE2-6CA3-450D-B42B-933A2C130E79}.Release|Any CPU.Build.0 = Release|Any CPU
	EndGlobalSection
	GlobalSection(SolutionProperties) = preSolution
		HideSolutionNode = FALSE
	EndGlobalSection
	GlobalSection(ExtensibilityGlobals) = postSolution
		SolutionGuid = {693B4514-8738-4249-8671-CF5757EB9996}
	EndGlobalSection
EndGlobal
